
Microsoft Visual Studio Solution File, Format Version 12.00
# Visual Studio 2013
VisualStudioVersion = 12.0.31101.0
MinimumVisualStudioVersion = 10.0.40219.1
Project("{FAE04EC0-301F-11D3-BF4B-00C04F79EFBC}") = "Web", "EPiServerBase\Web.csproj", "{F0ED1439-15E9-48D5-A281-02AB6A187C9C}"
EndProject
Project("{2150E333-8FDC-42A3-9474-1A3956D46DE8}") = "Domain", "Domain", "{87C5661B-D674-486E-8B98-6865659093E9}"
EndProject
Project("{FAE04EC0-301F-11D3-BF4B-00C04F79EFBC}") = "Domain.Interfaces", "Domain.Interfaces\Domain.Interfaces.csproj", "{38704F91-E85D-42CC-BEF1-B8620C640CF0}"
EndProject
Project("{2150E333-8FDC-42A3-9474-1A3956D46DE8}") = "Infrastructure", "Infrastructure", "{C5C5F1CF-CCE4-46FF-844E-5C8DDFE66DF4}"
EndProject
Project("{FAE04EC0-301F-11D3-BF4B-00C04F79EFBC}") = "Infrastructure.DependencyResolution", "Infrastructure.DependencyResolution\Infrastructure.DependencyResolution.csproj", "{47314F95-E61F-4136-8180-FE2FEC4C3321}"
EndProject
Project("{FAE04EC0-301F-11D3-BF4B-00C04F79EFBC}") = "Infrastructure.Interfaces", "Infrastructure.Interfaces\Infrastructure.Interfaces.csproj", "{CF7249EA-D90A-42FB-A0DE-EF959E662485}"
EndProject
Project("{2150E333-8FDC-42A3-9474-1A3956D46DE8}") = "Web", "Web", "{C3A69645-C2E9-4B61-AA14-0FEF21468EE0}"
EndProject
Project("{2150E333-8FDC-42A3-9474-1A3956D46DE8}") = "Test", "Test", "{98A99BC2-9666-45FD-B2D6-3EE6512FF045}"
EndProject
Project("{FAE04EC0-301F-11D3-BF4B-00C04F79EFBC}") = "Test", "Test\Test.csproj", "{9B74320B-08A0-433F-A30B-166E9E82B351}"
EndProject
Project("{FAE04EC0-301F-11D3-BF4B-00C04F79EFBC}") = "Domain.Entities", "Domain.Entities\Domain.Entities.csproj", "{BAB91794-5763-4538-A0B7-EC36E51F9DF8}"
EndProject
Project("{FAE04EC0-301F-11D3-BF4B-00C04F79EFBC}") = "Infrastructure.Data", "Infrastructure.Data\Infrastructure.Data.csproj", "{D1A4EE4D-B500-4F63-B3EC-60AC321670DF}"
EndProject
Project("{FAE04EC0-301F-11D3-BF4B-00C04F79EFBC}") = "Domain.Services", "Domain.Services\Domain.Services.csproj", "{D70CBDF6-81EF-41C2-8A9B-75B376ACBD75}"
EndProject
Global
	GlobalSection(SolutionConfigurationPlatforms) = preSolution
		Debug|Any CPU = Debug|Any CPU
		Release|Any CPU = Release|Any CPU
	EndGlobalSection
	GlobalSection(ProjectConfigurationPlatforms) = postSolution
		{F0ED1439-15E9-48D5-A281-02AB6A187C9C}.Debug|Any CPU.ActiveCfg = Debug|Any CPU
		{F0ED1439-15E9-48D5-A281-02AB6A187C9C}.Debug|Any CPU.Build.0 = Debug|Any CPU
		{F0ED1439-15E9-48D5-A281-02AB6A187C9C}.Release|Any CPU.ActiveCfg = Release|Any CPU
		{F0ED1439-15E9-48D5-A281-02AB6A187C9C}.Release|Any CPU.Build.0 = Release|Any CPU
		{38704F91-E85D-42CC-BEF1-B8620C640CF0}.Debug|Any CPU.ActiveCfg = Debug|Any CPU
		{38704F91-E85D-42CC-BEF1-B8620C640CF0}.Debug|Any CPU.Build.0 = Debug|Any CPU
		{38704F91-E85D-42CC-BEF1-B8620C640CF0}.Release|Any CPU.ActiveCfg = Release|Any CPU
		{38704F91-E85D-42CC-BEF1-B8620C640CF0}.Release|Any CPU.Build.0 = Release|Any CPU
		{47314F95-E61F-4136-8180-FE2FEC4C3321}.Debug|Any CPU.ActiveCfg = Debug|Any CPU
		{47314F95-E61F-4136-8180-FE2FEC4C3321}.Debug|Any CPU.Build.0 = Debug|Any CPU
		{47314F95-E61F-4136-8180-FE2FEC4C3321}.Release|Any CPU.ActiveCfg = Release|Any CPU
		{47314F95-E61F-4136-8180-FE2FEC4C3321}.Release|Any CPU.Build.0 = Release|Any CPU
		{CF7249EA-D90A-42FB-A0DE-EF959E662485}.Debug|Any CPU.ActiveCfg = Debug|Any CPU
		{CF7249EA-D90A-42FB-A0DE-EF959E662485}.Debug|Any CPU.Build.0 = Debug|Any CPU
		{CF7249EA-D90A-42FB-A0DE-EF959E662485}.Release|Any CPU.ActiveCfg = Release|Any CPU
		{CF7249EA-D90A-42FB-A0DE-EF959E662485}.Release|Any CPU.Build.0 = Release|Any CPU
		{9B74320B-08A0-433F-A30B-166E9E82B351}.Debug|Any CPU.ActiveCfg = Debug|Any CPU
		{9B74320B-08A0-433F-A30B-166E9E82B351}.Debug|Any CPU.Build.0 = Debug|Any CPU
		{9B74320B-08A0-433F-A30B-166E9E82B351}.Release|Any CPU.ActiveCfg = Release|Any CPU
		{9B74320B-08A0-433F-A30B-166E9E82B351}.Release|Any CPU.Build.0 = Release|Any CPU
		{BAB91794-5763-4538-A0B7-EC36E51F9DF8}.Debug|Any CPU.ActiveCfg = Debug|Any CPU
		{BAB91794-5763-4538-A0B7-EC36E51F9DF8}.Debug|Any CPU.Build.0 = Debug|Any CPU
		{BAB91794-5763-4538-A0B7-EC36E51F9DF8}.Release|Any CPU.ActiveCfg = Release|Any CPU
		{BAB91794-5763-4538-A0B7-EC36E51F9DF8}.Release|Any CPU.Build.0 = Release|Any CPU
		{D1A4EE4D-B500-4F63-B3EC-60AC321670DF}.Debug|Any CPU.ActiveCfg = Debug|Any CPU
		{D1A4EE4D-B500-4F63-B3EC-60AC321670DF}.Debug|Any CPU.Build.0 = Debug|Any CPU
		{D1A4EE4D-B500-4F63-B3EC-60AC321670DF}.Release|Any CPU.ActiveCfg = Release|Any CPU
		{D1A4EE4D-B500-4F63-B3EC-60AC321670DF}.Release|Any CPU.Build.0 = Release|Any CPU
		{D70CBDF6-81EF-41C2-8A9B-75B376ACBD75}.Debug|Any CPU.ActiveCfg = Debug|Any CPU
		{D70CBDF6-81EF-41C2-8A9B-75B376ACBD75}.Debug|Any CPU.Build.0 = Debug|Any CPU
		{D70CBDF6-81EF-41C2-8A9B-75B376ACBD75}.Release|Any CPU.ActiveCfg = Release|Any CPU
		{D70CBDF6-81EF-41C2-8A9B-75B376ACBD75}.Release|Any CPU.Build.0 = Release|Any CPU
	EndGlobalSection
	GlobalSection(SolutionProperties) = preSolution
		HideSolutionNode = FALSE
	EndGlobalSection
	GlobalSection(NestedProjects) = preSolution
		{F0ED1439-15E9-48D5-A281-02AB6A187C9C} = {C3A69645-C2E9-4B61-AA14-0FEF21468EE0}
		{38704F91-E85D-42CC-BEF1-B8620C640CF0} = {87C5661B-D674-486E-8B98-6865659093E9}
		{47314F95-E61F-4136-8180-FE2FEC4C3321} = {C5C5F1CF-CCE4-46FF-844E-5C8DDFE66DF4}
		{CF7249EA-D90A-42FB-A0DE-EF959E662485} = {C5C5F1CF-CCE4-46FF-844E-5C8DDFE66DF4}
		{9B74320B-08A0-433F-A30B-166E9E82B351} = {98A99BC2-9666-45FD-B2D6-3EE6512FF045}
		{BAB91794-5763-4538-A0B7-EC36E51F9DF8} = {87C5661B-D674-486E-8B98-6865659093E9}
		{D1A4EE4D-B500-4F63-B3EC-60AC321670DF} = {C5C5F1CF-CCE4-46FF-844E-5C8DDFE66DF4}
		{D70CBDF6-81EF-41C2-8A9B-75B376ACBD75} = {87C5661B-D674-486E-8B98-6865659093E9}
	EndGlobalSection
EndGlobal
