
Microsoft Visual Studio Solution File, Format Version 12.00
# Visual Studio 2013
VisualStudioVersion = 12.0.31101.0
MinimumVisualStudioVersion = 10.0.40219.1
Project("{FAE04EC0-301F-11D3-BF4B-00C04F79EFBC}") = "AppName.Web", "EPiServerBase\AppName.Web.csproj", "{F0ED1439-15E9-48D5-A281-02AB6A187C9C}"
EndProject
Project("{FAE04EC0-301F-11D3-BF4B-00C04F79EFBC}") = "Domain.Entities", "AppName.Domain.Entities\Domain.Entities.csproj", "{BAB91794-5763-4538-A0B7-EC36E51F9DF8}"
EndProject
Project("{2150E333-8FDC-42A3-9474-1A3956D46DE8}") = "Domain", "Domain", "{87C5661B-D674-486E-8B98-6865659093E9}"
EndProject
Project("{FAE04EC0-301F-11D3-BF4B-00C04F79EFBC}") = "Domain.Interfaces", "Domain.Interfaces\Domain.Interfaces.csproj", "{38704F91-E85D-42CC-BEF1-B8620C640CF0}"
EndProject
Global
	GlobalSection(SolutionConfigurationPlatforms) = preSolution
		Debug|Any CPU = Debug|Any CPU
		Release|Any CPU = Release|Any CPU
	EndGlobalSection
	GlobalSection(ProjectConfigurationPlatforms) = postSolution
		{F0ED1439-15E9-48D5-A281-02AB6A187C9C}.Debug|Any CPU.ActiveCfg = Debug|Any CPU
		{F0ED1439-15E9-48D5-A281-02AB6A187C9C}.Debug|Any CPU.Build.0 = Debug|Any CPU
		{F0ED1439-15E9-48D5-A281-02AB6A187C9C}.Release|Any CPU.ActiveCfg = Release|Any CPU
		{F0ED1439-15E9-48D5-A281-02AB6A187C9C}.Release|Any CPU.Build.0 = Release|Any CPU
		{BAB91794-5763-4538-A0B7-EC36E51F9DF8}.Debug|Any CPU.ActiveCfg = Debug|Any CPU
		{BAB91794-5763-4538-A0B7-EC36E51F9DF8}.Debug|Any CPU.Build.0 = Debug|Any CPU
		{BAB91794-5763-4538-A0B7-EC36E51F9DF8}.Release|Any CPU.ActiveCfg = Release|Any CPU
		{BAB91794-5763-4538-A0B7-EC36E51F9DF8}.Release|Any CPU.Build.0 = Release|Any CPU
		{38704F91-E85D-42CC-BEF1-B8620C640CF0}.Debug|Any CPU.ActiveCfg = Debug|Any CPU
		{38704F91-E85D-42CC-BEF1-B8620C640CF0}.Debug|Any CPU.Build.0 = Debug|Any CPU
		{38704F91-E85D-42CC-BEF1-B8620C640CF0}.Release|Any CPU.ActiveCfg = Release|Any CPU
		{38704F91-E85D-42CC-BEF1-B8620C640CF0}.Release|Any CPU.Build.0 = Release|Any CPU
	EndGlobalSection
	GlobalSection(SolutionProperties) = preSolution
		HideSolutionNode = FALSE
	EndGlobalSection
	GlobalSection(NestedProjects) = preSolution
		{BAB91794-5763-4538-A0B7-EC36E51F9DF8} = {87C5661B-D674-486E-8B98-6865659093E9}
		{38704F91-E85D-42CC-BEF1-B8620C640CF0} = {87C5661B-D674-486E-8B98-6865659093E9}
	EndGlobalSection
EndGlobal
